// !$*UTF8*$!
{
	archiveVersion = 1;
	classes = {
	};
	objectVersion = 50;
	objects = {

/* Begin PBXBuildFile section */
		2255078E23E2F84700220D35 /* AppDelegate.swift in Sources */ = {isa = PBXBuildFile; fileRef = 2255078D23E2F84700220D35 /* AppDelegate.swift */; };
		2255079023E2F84700220D35 /* art.scnassets in Resources */ = {isa = PBXBuildFile; fileRef = 2255078F23E2F84700220D35 /* art.scnassets */; };
		2255079223E2F84700220D35 /* ViewController.swift in Sources */ = {isa = PBXBuildFile; fileRef = 2255079123E2F84700220D35 /* ViewController.swift */; };
		2255079523E2F84700220D35 /* Main.storyboard in Resources */ = {isa = PBXBuildFile; fileRef = 2255079323E2F84700220D35 /* Main.storyboard */; };
		2255079723E2F85D00220D35 /* Assets.xcassets in Resources */ = {isa = PBXBuildFile; fileRef = 2255079623E2F85D00220D35 /* Assets.xcassets */; };
		2255079A23E2F85D00220D35 /* LaunchScreen.storyboard in Resources */ = {isa = PBXBuildFile; fileRef = 2255079823E2F85D00220D35 /* LaunchScreen.storyboard */; };
		225507A523E2F85E00220D35 /* imagedetectionTests.swift in Sources */ = {isa = PBXBuildFile; fileRef = 225507A423E2F85E00220D35 /* imagedetectionTests.swift */; };
		225507B023E2F85E00220D35 /* imagedetectionUITests.swift in Sources */ = {isa = PBXBuildFile; fileRef = 225507AF23E2F85E00220D35 /* imagedetectionUITests.swift */; };
/* End PBXBuildFile section */

/* Begin PBXContainerItemProxy section */
		225507A123E2F85E00220D35 /* PBXContainerItemProxy */ = {
			isa = PBXContainerItemProxy;
			containerPortal = 2255078223E2F84700220D35 /* Project object */;
			proxyType = 1;
			remoteGlobalIDString = 2255078923E2F84700220D35;
			remoteInfo = imagedetection;
		};
		225507AC23E2F85E00220D35 /* PBXContainerItemProxy */ = {
			isa = PBXContainerItemProxy;
			containerPortal = 2255078223E2F84700220D35 /* Project object */;
			proxyType = 1;
			remoteGlobalIDString = 2255078923E2F84700220D35;
			remoteInfo = imagedetection;
		};
/* End PBXContainerItemProxy section */

/* Begin PBXFileReference section */
		2255078A23E2F84700220D35 /* imagedetection.app */ = {isa = PBXFileReference; explicitFileType = wrapper.application; includeInIndex = 0; path = imagedetection.app; sourceTree = BUILT_PRODUCTS_DIR; };
		2255078D23E2F84700220D35 /* AppDelegate.swift */ = {isa = PBXFileReference; lastKnownFileType = sourcecode.swift; path = AppDelegate.swift; sourceTree = "<group>"; };
		2255078F23E2F84700220D35 /* art.scnassets */ = {isa = PBXFileReference; lastKnownFileType = wrapper.scnassets; path = art.scnassets; sourceTree = "<group>"; };
		2255079123E2F84700220D35 /* ViewController.swift */ = {isa = PBXFileReference; lastKnownFileType = sourcecode.swift; path = ViewController.swift; sourceTree = "<group>"; };
		2255079423E2F84700220D35 /* Base */ = {isa = PBXFileReference; lastKnownFileType = file.storyboard; name = Base; path = Base.lproj/Main.storyboard; sourceTree = "<group>"; };
		2255079623E2F85D00220D35 /* Assets.xcassets */ = {isa = PBXFileReference; lastKnownFileType = folder.assetcatalog; path = Assets.xcassets; sourceTree = "<group>"; };
		2255079923E2F85D00220D35 /* Base */ = {isa = PBXFileReference; lastKnownFileType = file.storyboard; name = Base; path = Base.lproj/LaunchScreen.storyboard; sourceTree = "<group>"; };
		2255079B23E2F85D00220D35 /* Info.plist */ = {isa = PBXFileReference; lastKnownFileType = text.plist.xml; path = Info.plist; sourceTree = "<group>"; };
		225507A023E2F85E00220D35 /* imagedetectionTests.xctest */ = {isa = PBXFileReference; explicitFileType = wrapper.cfbundle; includeInIndex = 0; path = imagedetectionTests.xctest; sourceTree = BUILT_PRODUCTS_DIR; };
		225507A423E2F85E00220D35 /* imagedetectionTests.swift */ = {isa = PBXFileReference; lastKnownFileType = sourcecode.swift; path = imagedetectionTests.swift; sourceTree = "<group>"; };
		225507A623E2F85E00220D35 /* Info.plist */ = {isa = PBXFileReference; lastKnownFileType = text.plist.xml; path = Info.plist; sourceTree = "<group>"; };
		225507AB23E2F85E00220D35 /* imagedetectionUITests.xctest */ = {isa = PBXFileReference; explicitFileType = wrapper.cfbundle; includeInIndex = 0; path = imagedetectionUITests.xctest; sourceTree = BUILT_PRODUCTS_DIR; };
		225507AF23E2F85E00220D35 /* imagedetectionUITests.swift */ = {isa = PBXFileReference; lastKnownFileType = sourcecode.swift; path = imagedetectionUITests.swift; sourceTree = "<group>"; };
		225507B123E2F85E00220D35 /* Info.plist */ = {isa = PBXFileReference; lastKnownFileType = text.plist.xml; path = Info.plist; sourceTree = "<group>"; };
/* End PBXFileReference section */

/* Begin PBXFrameworksBuildPhase section */
		2255078723E2F84700220D35 /* Frameworks */ = {
			isa = PBXFrameworksBuildPhase;
			buildActionMask = 2147483647;
			files = (
			);
			runOnlyForDeploymentPostprocessing = 0;
		};
		2255079D23E2F85E00220D35 /* Frameworks */ = {
			isa = PBXFrameworksBuildPhase;
			buildActionMask = 2147483647;
			files = (
			);
			runOnlyForDeploymentPostprocessing = 0;
		};
		225507A823E2F85E00220D35 /* Frameworks */ = {
			isa = PBXFrameworksBuildPhase;
			buildActionMask = 2147483647;
			files = (
			);
			runOnlyForDeploymentPostprocessing = 0;
		};
/* End PBXFrameworksBuildPhase section */

/* Begin PBXGroup section */
		2255078123E2F84700220D35 = {
			isa = PBXGroup;
			children = (
				2255078C23E2F84700220D35 /* imagedetection */,
				225507A323E2F85E00220D35 /* imagedetectionTests */,
				225507AE23E2F85E00220D35 /* imagedetectionUITests */,
				2255078B23E2F84700220D35 /* Products */,
			);
			sourceTree = "<group>";
		};
		2255078B23E2F84700220D35 /* Products */ = {
			isa = PBXGroup;
			children = (
				2255078A23E2F84700220D35 /* imagedetection.app */,
				225507A023E2F85E00220D35 /* imagedetectionTests.xctest */,
				225507AB23E2F85E00220D35 /* imagedetectionUITests.xctest */,
			);
			name = Products;
			sourceTree = "<group>";
		};
		2255078C23E2F84700220D35 /* imagedetection */ = {
			isa = PBXGroup;
			children = (
				2255078D23E2F84700220D35 /* AppDelegate.swift */,
				2255078F23E2F84700220D35 /* art.scnassets */,
				2255079123E2F84700220D35 /* ViewController.swift */,
				2255079323E2F84700220D35 /* Main.storyboard */,
				2255079623E2F85D00220D35 /* Assets.xcassets */,
				2255079823E2F85D00220D35 /* LaunchScreen.storyboard */,
				2255079B23E2F85D00220D35 /* Info.plist */,
			);
			path = imagedetection;
			sourceTree = "<group>";
		};
		225507A323E2F85E00220D35 /* imagedetectionTests */ = {
			isa = PBXGroup;
			children = (
				225507A423E2F85E00220D35 /* imagedetectionTests.swift */,
				225507A623E2F85E00220D35 /* Info.plist */,
			);
			path = imagedetectionTests;
			sourceTree = "<group>";
		};
		225507AE23E2F85E00220D35 /* imagedetectionUITests */ = {
			isa = PBXGroup;
			children = (
				225507AF23E2F85E00220D35 /* imagedetectionUITests.swift */,
				225507B123E2F85E00220D35 /* Info.plist */,
			);
			path = imagedetectionUITests;
			sourceTree = "<group>";
		};
/* End PBXGroup section */

/* Begin PBXNativeTarget section */
		2255078923E2F84700220D35 /* imagedetection */ = {
			isa = PBXNativeTarget;
			buildConfigurationList = 225507B423E2F85E00220D35 /* Build configuration list for PBXNativeTarget "imagedetection" */;
			buildPhases = (
				2255078623E2F84700220D35 /* Sources */,
				2255078723E2F84700220D35 /* Frameworks */,
				2255078823E2F84700220D35 /* Resources */,
			);
			buildRules = (
			);
			dependencies = (
			);
			name = imagedetection;
			productName = imagedetection;
			productReference = 2255078A23E2F84700220D35 /* imagedetection.app */;
			productType = "com.apple.product-type.application";
		};
		2255079F23E2F85E00220D35 /* imagedetectionTests */ = {
			isa = PBXNativeTarget;
			buildConfigurationList = 225507B723E2F85E00220D35 /* Build configuration list for PBXNativeTarget "imagedetectionTests" */;
			buildPhases = (
				2255079C23E2F85E00220D35 /* Sources */,
				2255079D23E2F85E00220D35 /* Frameworks */,
				2255079E23E2F85E00220D35 /* Resources */,
			);
			buildRules = (
			);
			dependencies = (
				225507A223E2F85E00220D35 /* PBXTargetDependency */,
			);
			name = imagedetectionTests;
			productName = imagedetectionTests;
			productReference = 225507A023E2F85E00220D35 /* imagedetectionTests.xctest */;
			productType = "com.apple.product-type.bundle.unit-test";
		};
		225507AA23E2F85E00220D35 /* imagedetectionUITests */ = {
			isa = PBXNativeTarget;
			buildConfigurationList = 225507BA23E2F85E00220D35 /* Build configuration list for PBXNativeTarget "imagedetectionUITests" */;
			buildPhases = (
				225507A723E2F85E00220D35 /* Sources */,
				225507A823E2F85E00220D35 /* Frameworks */,
				225507A923E2F85E00220D35 /* Resources */,
			);
			buildRules = (
			);
			dependencies = (
				225507AD23E2F85E00220D35 /* PBXTargetDependency */,
			);
			name = imagedetectionUITests;
			productName = imagedetectionUITests;
			productReference = 225507AB23E2F85E00220D35 /* imagedetectionUITests.xctest */;
			productType = "com.apple.product-type.bundle.ui-testing";
		};
/* End PBXNativeTarget section */

/* Begin PBXProject section */
		2255078223E2F84700220D35 /* Project object */ = {
			isa = PBXProject;
			attributes = {
				LastSwiftUpdateCheck = 1130;
				LastUpgradeCheck = 1130;
				ORGANIZATIONNAME = macos;
				TargetAttributes = {
					2255078923E2F84700220D35 = {
						CreatedOnToolsVersion = 11.3.1;
					};
					2255079F23E2F85E00220D35 = {
						CreatedOnToolsVersion = 11.3.1;
						TestTargetID = 2255078923E2F84700220D35;
					};
					225507AA23E2F85E00220D35 = {
						CreatedOnToolsVersion = 11.3.1;
						TestTargetID = 2255078923E2F84700220D35;
					};
				};
			};
			buildConfigurationList = 2255078523E2F84700220D35 /* Build configuration list for PBXProject "imagedetection" */;
			compatibilityVersion = "Xcode 9.3";
			developmentRegion = en;
			hasScannedForEncodings = 0;
			knownRegions = (
				en,
				Base,
			);
			mainGroup = 2255078123E2F84700220D35;
			productRefGroup = 2255078B23E2F84700220D35 /* Products */;
			projectDirPath = "";
			projectRoot = "";
			targets = (
				2255078923E2F84700220D35 /* imagedetection */,
				2255079F23E2F85E00220D35 /* imagedetectionTests */,
				225507AA23E2F85E00220D35 /* imagedetectionUITests */,
			);
		};
/* End PBXProject section */

/* Begin PBXResourcesBuildPhase section */
		2255078823E2F84700220D35 /* Resources */ = {
			isa = PBXResourcesBuildPhase;
			buildActionMask = 2147483647;
			files = (
				2255079023E2F84700220D35 /* art.scnassets in Resources */,
				2255079A23E2F85D00220D35 /* LaunchScreen.storyboard in Resources */,
				2255079723E2F85D00220D35 /* Assets.xcassets in Resources */,
				2255079523E2F84700220D35 /* Main.storyboard in Resources */,
			);
			runOnlyForDeploymentPostprocessing = 0;
		};
		2255079E23E2F85E00220D35 /* Resources */ = {
			isa = PBXResourcesBuildPhase;
			buildActionMask = 2147483647;
			files = (
			);
			runOnlyForDeploymentPostprocessing = 0;
		};
		225507A923E2F85E00220D35 /* Resources */ = {
			isa = PBXResourcesBuildPhase;
			buildActionMask = 2147483647;
			files = (
			);
			runOnlyForDeploymentPostprocessing = 0;
		};
/* End PBXResourcesBuildPhase section */

/* Begin PBXSourcesBuildPhase section */
		2255078623E2F84700220D35 /* Sources */ = {
			isa = PBXSourcesBuildPhase;
			buildActionMask = 2147483647;
			files = (
				2255079223E2F84700220D35 /* ViewController.swift in Sources */,
				2255078E23E2F84700220D35 /* AppDelegate.swift in Sources */,
			);
			runOnlyForDeploymentPostprocessing = 0;
		};
		2255079C23E2F85E00220D35 /* Sources */ = {
			isa = PBXSourcesBuildPhase;
			buildActionMask = 2147483647;
			files = (
				225507A523E2F85E00220D35 /* imagedetectionTests.swift in Sources */,
			);
			runOnlyForDeploymentPostprocessing = 0;
		};
		225507A723E2F85E00220D35 /* Sources */ = {
			isa = PBXSourcesBuildPhase;
			buildActionMask = 2147483647;
			files = (
				225507B023E2F85E00220D35 /* imagedetectionUITests.swift in Sources */,
			);
			runOnlyForDeploymentPostprocessing = 0;
		};
/* End PBXSourcesBuildPhase section */

/* Begin PBXTargetDependency section */
		225507A223E2F85E00220D35 /* PBXTargetDependency */ = {
			isa = PBXTargetDependency;
			target = 2255078923E2F84700220D35 /* imagedetection */;
			targetProxy = 225507A123E2F85E00220D35 /* PBXContainerItemProxy */;
		};
		225507AD23E2F85E00220D35 /* PBXTargetDependency */ = {
			isa = PBXTargetDependency;
			target = 2255078923E2F84700220D35 /* imagedetection */;
			targetProxy = 225507AC23E2F85E00220D35 /* PBXContainerItemProxy */;
		};
/* End PBXTargetDependency section */

/* Begin PBXVariantGroup section */
		2255079323E2F84700220D35 /* Main.storyboard */ = {
			isa = PBXVariantGroup;
			children = (
				2255079423E2F84700220D35 /* Base */,
			);
			name = Main.storyboard;
			sourceTree = "<group>";
		};
		2255079823E2F85D00220D35 /* LaunchScreen.storyboard */ = {
			isa = PBXVariantGroup;
			children = (
				2255079923E2F85D00220D35 /* Base */,
			);
			name = LaunchScreen.storyboard;
			sourceTree = "<group>";
		};
/* End PBXVariantGroup section */

/* Begin XCBuildConfiguration section */
		225507B223E2F85E00220D35 /* Debug */ = {
			isa = XCBuildConfiguration;
			buildSettings = {
				ALWAYS_SEARCH_USER_PATHS = NO;
				CLANG_ANALYZER_NONNULL = YES;
				CLANG_ANALYZER_NUMBER_OBJECT_CONVERSION = YES_AGGRESSIVE;
				CLANG_CXX_LANGUAGE_STANDARD = "gnu++14";
				CLANG_CXX_LIBRARY = "libc++";
				CLANG_ENABLE_MODULES = YES;
				CLANG_ENABLE_OBJC_ARC = YES;
				CLANG_ENABLE_OBJC_WEAK = YES;
				CLANG_WARN_BLOCK_CAPTURE_AUTORELEASING = YES;
				CLANG_WARN_BOOL_CONVERSION = YES;
				CLANG_WARN_COMMA = YES;
				CLANG_WARN_CONSTANT_CONVERSION = YES;
				CLANG_WARN_DEPRECATED_OBJC_IMPLEMENTATIONS = YES;
				CLANG_WARN_DIRECT_OBJC_ISA_USAGE = YES_ERROR;
				CLANG_WARN_DOCUMENTATION_COMMENTS = YES;
				CLANG_WARN_EMPTY_BODY = YES;
				CLANG_WARN_ENUM_CONVERSION = YES;
				CLANG_WARN_INFINITE_RECURSION = YES;
				CLANG_WARN_INT_CONVERSION = YES;
				CLANG_WARN_NON_LITERAL_NULL_CONVERSION = YES;
				CLANG_WARN_OBJC_IMPLICIT_RETAIN_SELF = YES;
				CLANG_WARN_OBJC_LITERAL_CONVERSION = YES;
				CLANG_WARN_OBJC_ROOT_CLASS = YES_ERROR;
				CLANG_WARN_RANGE_LOOP_ANALYSIS = YES;
				CLANG_WARN_STRICT_PROTOTYPES = YES;
				CLANG_WARN_SUSPICIOUS_MOVE = YES;
				CLANG_WARN_UNGUARDED_AVAILABILITY = YES_AGGRESSIVE;
				CLANG_WARN_UNREACHABLE_CODE = YES;
				CLANG_WARN__DUPLICATE_METHOD_MATCH = YES;
				COPY_PHASE_STRIP = NO;
				DEBUG_INFORMATION_FORMAT = dwarf;
				ENABLE_STRICT_OBJC_MSGSEND = YES;
				ENABLE_TESTABILITY = YES;
				GCC_C_LANGUAGE_STANDARD = gnu11;
				GCC_DYNAMIC_NO_PIC = NO;
				GCC_NO_COMMON_BLOCKS = YES;
				GCC_OPTIMIZATION_LEVEL = 0;
				GCC_PREPROCESSOR_DEFINITIONS = (
					"DEBUG=1",
					"$(inherited)",
				);
				GCC_WARN_64_TO_32_BIT_CONVERSION = YES;
				GCC_WARN_ABOUT_RETURN_TYPE = YES_ERROR;
				GCC_WARN_UNDECLARED_SELECTOR = YES;
				GCC_WARN_UNINITIALIZED_AUTOS = YES_AGGRESSIVE;
				GCC_WARN_UNUSED_FUNCTION = YES;
				GCC_WARN_UNUSED_VARIABLE = YES;
				IPHONEOS_DEPLOYMENT_TARGET = 13.2;
				MTL_ENABLE_DEBUG_INFO = INCLUDE_SOURCE;
				MTL_FAST_MATH = YES;
				ONLY_ACTIVE_ARCH = YES;
				SDKROOT = iphoneos;
				SWIFT_ACTIVE_COMPILATION_CONDITIONS = DEBUG;
				SWIFT_OPTIMIZATION_LEVEL = "-Onone";
			};
			name = Debug;
		};
		225507B323E2F85E00220D35 /* Release */ = {
			isa = XCBuildConfiguration;
			buildSettings = {
				ALWAYS_SEARCH_USER_PATHS = NO;
				CLANG_ANALYZER_NONNULL = YES;
				CLANG_ANALYZER_NUMBER_OBJECT_CONVERSION = YES_AGGRESSIVE;
				CLANG_CXX_LANGUAGE_STANDARD = "gnu++14";
				CLANG_CXX_LIBRARY = "libc++";
				CLANG_ENABLE_MODULES = YES;
				CLANG_ENABLE_OBJC_ARC = YES;
				CLANG_ENABLE_OBJC_WEAK = YES;
				CLANG_WARN_BLOCK_CAPTURE_AUTORELEASING = YES;
				CLANG_WARN_BOOL_CONVERSION = YES;
				CLANG_WARN_COMMA = YES;
				CLANG_WARN_CONSTANT_CONVERSION = YES;
				CLANG_WARN_DEPRECATED_OBJC_IMPLEMENTATIONS = YES;
				CLANG_WARN_DIRECT_OBJC_ISA_USAGE = YES_ERROR;
				CLANG_WARN_DOCUMENTATION_COMMENTS = YES;
				CLANG_WARN_EMPTY_BODY = YES;
				CLANG_WARN_ENUM_CONVERSION = YES;
				CLANG_WARN_INFINITE_RECURSION = YES;
				CLANG_WARN_INT_CONVERSION = YES;
				CLANG_WARN_NON_LITERAL_NULL_CONVERSION = YES;
				CLANG_WARN_OBJC_IMPLICIT_RETAIN_SELF = YES;
				CLANG_WARN_OBJC_LITERAL_CONVERSION = YES;
				CLANG_WARN_OBJC_ROOT_CLASS = YES_ERROR;
				CLANG_WARN_RANGE_LOOP_ANALYSIS = YES;
				CLANG_WARN_STRICT_PROTOTYPES = YES;
				CLANG_WARN_SUSPICIOUS_MOVE = YES;
				CLANG_WARN_UNGUARDED_AVAILABILITY = YES_AGGRESSIVE;
				CLANG_WARN_UNREACHABLE_CODE = YES;
				CLANG_WARN__DUPLICATE_METHOD_MATCH = YES;
				COPY_PHASE_STRIP = NO;
				DEBUG_INFORMATION_FORMAT = "dwarf-with-dsym";
				ENABLE_NS_ASSERTIONS = NO;
				ENABLE_STRICT_OBJC_MSGSEND = YES;
				GCC_C_LANGUAGE_STANDARD = gnu11;
				GCC_NO_COMMON_BLOCKS = YES;
				GCC_WARN_64_TO_32_BIT_CONVERSION = YES;
				GCC_WARN_ABOUT_RETURN_TYPE = YES_ERROR;
				GCC_WARN_UNDECLARED_SELECTOR = YES;
				GCC_WARN_UNINITIALIZED_AUTOS = YES_AGGRESSIVE;
				GCC_WARN_UNUSED_FUNCTION = YES;
				GCC_WARN_UNUSED_VARIABLE = YES;
				IPHONEOS_DEPLOYMENT_TARGET = 13.2;
				MTL_ENABLE_DEBUG_INFO = NO;
				MTL_FAST_MATH = YES;
				SDKROOT = iphoneos;
				SWIFT_COMPILATION_MODE = wholemodule;
				SWIFT_OPTIMIZATION_LEVEL = "-O";
				VALIDATE_PRODUCT = YES;
			};
			name = Release;
		};
		225507B523E2F85E00220D35 /* Debug */ = {
			isa = XCBuildConfiguration;
			buildSettings = {
				ASSETCATALOG_COMPILER_APPICON_NAME = AppIcon;
				CODE_SIGN_STYLE = Automatic;
				DEVELOPMENT_TEAM = Z3HLDL2DZH;
				INFOPLIST_FILE = imagedetection/Info.plist;
				LD_RUNPATH_SEARCH_PATHS = (
					"$(inherited)",
					"@executable_path/Frameworks",
				);
				PRODUCT_BUNDLE_IDENTIFIER = com.BoraGulerman.imagedetection;
				PRODUCT_NAME = "$(TARGET_NAME)";
				SWIFT_VERSION = 5.0;
				TARGETED_DEVICE_FAMILY = "1,2";
			};
			name = Debug;
		};
		225507B623E2F85E00220D35 /* Release */ = {
			isa = XCBuildConfiguration;
			buildSettings = {
				ASSETCATALOG_COMPILER_APPICON_NAME = AppIcon;
				CODE_SIGN_STYLE = Automatic;
				DEVELOPMENT_TEAM = Z3HLDL2DZH;
				INFOPLIST_FILE = imagedetection/Info.plist;
				LD_RUNPATH_SEARCH_PATHS = (
					"$(inherited)",
					"@executable_path/Frameworks",
				);
				PRODUCT_BUNDLE_IDENTIFIER = com.BoraGulerman.imagedetection;
				PRODUCT_NAME = "$(TARGET_NAME)";
				SWIFT_VERSION = 5.0;
				TARGETED_DEVICE_FAMILY = "1,2";
			};
			name = Release;
		};
		225507B823E2F85E00220D35 /* Debug */ = {
			isa = XCBuildConfiguration;
			buildSettings = {
				ALWAYS_EMBED_SWIFT_STANDARD_LIBRARIES = YES;
				BUNDLE_LOADER = "$(TEST_HOST)";
				CODE_SIGN_STYLE = Automatic;
				DEVELOPMENT_TEAM = Z3HLDL2DZH;
				INFOPLIST_FILE = imagedetectionTests/Info.plist;
				IPHONEOS_DEPLOYMENT_TARGET = 13.2;
				LD_RUNPATH_SEARCH_PATHS = (
					"$(inherited)",
					"@executable_path/Frameworks",
					"@loader_path/Frameworks",
				);
				PRODUCT_BUNDLE_IDENTIFIER = com.BoraGulerman.imagedetectionTests;
				PRODUCT_NAME = "$(TARGET_NAME)";
				SWIFT_VERSION = 5.0;
				TARGETED_DEVICE_FAMILY = "1,2";
				TEST_HOST = "$(BUILT_PRODUCTS_DIR)/imagedetection.app/imagedetection";
			};
			name = Debug;
		};
		225507B923E2F85E00220D35 /* Release */ = {
			isa = XCBuildConfiguration;
			buildSettings = {
				ALWAYS_EMBED_SWIFT_STANDARD_LIBRARIES = YES;
				BUNDLE_LOADER = "$(TEST_HOST)";
				CODE_SIGN_STYLE = Automatic;
				DEVELOPMENT_TEAM = Z3HLDL2DZH;
				INFOPLIST_FILE = imagedetectionTests/Info.plist;
				IPHONEOS_DEPLOYMENT_TARGET = 13.2;
				LD_RUNPATH_SEARCH_PATHS = (
					"$(inherited)",
					"@executable_path/Frameworks",
					"@loader_path/Frameworks",
				);
				PRODUCT_BUNDLE_IDENTIFIER = com.BoraGulerman.imagedetectionTests;
				PRODUCT_NAME = "$(TARGET_NAME)";
				SWIFT_VERSION = 5.0;
				TARGETED_DEVICE_FAMILY = "1,2";
				TEST_HOST = "$(BUILT_PRODUCTS_DIR)/imagedetection.app/imagedetection";
			};
			name = Release;
		};
		225507BB23E2F85E00220D35 /* Debug */ = {
			isa = XCBuildConfiguration;
			buildSettings = {
				ALWAYS_EMBED_SWIFT_STANDARD_LIBRARIES = YES;
				CODE_SIGN_STYLE = Automatic;
				DEVELOPMENT_TEAM = Z3HLDL2DZH;
				INFOPLIST_FILE = imagedetectionUITests/Info.plist;
				LD_RUNPATH_SEARCH_PATHS = (
					"$(inherited)",
					"@executable_path/Frameworks",
					"@loader_path/Frameworks",
				);
				PRODUCT_BUNDLE_IDENTIFIER = com.BoraGulerman.imagedetectionUITests;
				PRODUCT_NAME = "$(TARGET_NAME)";
				SWIFT_VERSION = 5.0;
				TARGETED_DEVICE_FAMILY = "1,2";
				TEST_TARGET_NAME = imagedetection;
			};
			name = Debug;
		};
		225507BC23E2F85E00220D35 /* Release */ = {
			isa = XCBuildConfiguration;
			buildSettings = {
				ALWAYS_EMBED_SWIFT_STANDARD_LIBRARIES = YES;
				CODE_SIGN_STYLE = Automatic;
				DEVELOPMENT_TEAM = Z3HLDL2DZH;
				INFOPLIST_FILE = imagedetectionUITests/Info.plist;
				LD_RUNPATH_SEARCH_PATHS = (
					"$(inherited)",
					"@executable_path/Frameworks",
					"@loader_path/Frameworks",
				);
				PRODUCT_BUNDLE_IDENTIFIER = com.BoraGulerman.imagedetectionUITests;
				PRODUCT_NAME = "$(TARGET_NAME)";
				SWIFT_VERSION = 5.0;
				TARGETED_DEVICE_FAMILY = "1,2";
				TEST_TARGET_NAME = imagedetection;
			};
			name = Release;
		};
/* End XCBuildConfiguration section */

/* Begin XCConfigurationList section */
		2255078523E2F84700220D35 /* Build configuration list for PBXProject "imagedetection" */ = {
			isa = XCConfigurationList;
			buildConfigurations = (
				225507B223E2F85E00220D35 /* Debug */,
				225507B323E2F85E00220D35 /* Release */,
			);
			defaultConfigurationIsVisible = 0;
			defaultConfigurationName = Release;
		};
		225507B423E2F85E00220D35 /* Build configuration list for PBXNativeTarget "imagedetection" */ = {
			isa = XCConfigurationList;
			buildConfigurations = (
				225507B523E2F85E00220D35 /* Debug */,
				225507B623E2F85E00220D35 /* Release */,
			);
			defaultConfigurationIsVisible = 0;
			defaultConfigurationName = Release;
		};
		225507B723E2F85E00220D35 /* Build configuration list for PBXNativeTarget "imagedetectionTests" */ = {
			isa = XCConfigurationList;
			buildConfigurations = (
				225507B823E2F85E00220D35 /* Debug */,
				225507B923E2F85E00220D35 /* Release */,
			);
			defaultConfigurationIsVisible = 0;
			defaultConfigurationName = Release;
		};
		225507BA23E2F85E00220D35 /* Build configuration list for PBXNativeTarget "imagedetectionUITests" */ = {
			isa = XCConfigurationList;
			buildConfigurations = (
				225507BB23E2F85E00220D35 /* Debug */,
				225507BC23E2F85E00220D35 /* Release */,
			);
			defaultConfigurationIsVisible = 0;
			defaultConfigurationName = Release;
		};
/* End XCConfigurationList section */
	};
	rootObject = 2255078223E2F84700220D35 /* Project object */;
}
